{
    "_readme": [
        "This file locks the dependencies of your project to a known state",
        "Read more about it at https://getcomposer.org/doc/01-basic-usage.md#composer-lock-the-lock-file",
        "This file is @generated automatically"
    ],
    "hash": "dadd35dc7ba6f444ea666b559c4cf087",
    "content-hash": "a3a62caf6c312c4f466025c12af15533",
    "packages": [
        {
            "name": "components/font-awesome",
            "version": "4.7.0",
            "source": {
                "type": "git",
                "url": "https://github.com/components/font-awesome.git",
                "reference": "885308b939369d147bec93174722786bc2c4eedd"
            },
            "dist": {
                "type": "zip",
                "url": "https://api.github.com/repos/components/font-awesome/zipball/885308b939369d147bec93174722786bc2c4eedd",
                "reference": "885308b939369d147bec93174722786bc2c4eedd",
                "shasum": ""
            },
            "type": "component",
            "extra": {
                "component": {
                    "styles": [
                        "css/font-awesome.css"
                    ],
                    "files": [
                        "css/font-awesome.min.css",
                        "css/font-awesome.css.map",
                        "fonts/*"
                    ]
                }
            },
            "notification-url": "https://packagist.org/downloads/",
            "license": [
                "MIT",
                "OFL-1.1"
            ],
            "description": "The iconic font designed for use with Twitter Bootstrap.",
            "time": "2016-10-25 10:56:23"
        },
        {
            "name": "components/jquery",
            "version": "3.1.1",
            "source": {
                "type": "git",
                "url": "https://github.com/components/jquery.git",
                "reference": "09a1658378bc1f818856086396ebeab7d0ec2276"
            },
            "dist": {
                "type": "zip",
                "url": "https://api.github.com/repos/components/jquery/zipball/09a1658378bc1f818856086396ebeab7d0ec2276",
                "reference": "09a1658378bc1f818856086396ebeab7d0ec2276",
                "shasum": ""
            },
            "type": "component",
            "extra": {
                "component": {
                    "scripts": [
                        "jquery.js"
                    ],
                    "files": [
                        "jquery.min.js",
                        "jquery.min.map"
                    ]
                }
            },
            "notification-url": "https://packagist.org/downloads/",
            "license": [
                "MIT"
            ],
            "authors": [
                {
                    "name": "John Resig",
                    "email": "jeresig@gmail.com"
                }
            ],
            "description": "jQuery JavaScript Library",
            "homepage": "http://jquery.com",
            "time": "2016-09-23 06:06:29"
        },
        {
            "name": "giggsey/libphonenumber-for-php",
            "version": "8.1.0",
            "source": {
                "type": "git",
                "url": "https://github.com/giggsey/libphonenumber-for-php.git",
                "reference": "ba82f4f7e9bb9509e6bcddd42e07bebf6f6b2e92"
            },
            "dist": {
                "type": "zip",
                "url": "https://api.github.com/repos/giggsey/libphonenumber-for-php/zipball/ba82f4f7e9bb9509e6bcddd42e07bebf6f6b2e92",
                "reference": "ba82f4f7e9bb9509e6bcddd42e07bebf6f6b2e92",
                "shasum": ""
            },
            "require": {
                "ext-mbstring": "*",
                "giggsey/locale": "^1.0",
                "php": ">=5.3.2"
            },
            "require-dev": {
                "pear/pear-core-minimal": "^1.9",
                "pear/pear_exception": "^1.0",
                "pear/versioncontrol_git": "dev-master",
                "phing/phing": "^2.7",
                "phpunit/phpunit": "^4.8|^5.0",
                "satooshi/php-coveralls": "^1.0",
                "symfony/console": "^2.8|^3.0"
            },
            "type": "library",
            "extra": {
                "branch-alias": {
                    "dev-master": "8.x-dev"
                }
            },
            "autoload": {
                "psr-4": {
                    "libphonenumber\\": "src/"
                }
            },
            "notification-url": "https://packagist.org/downloads/",
            "license": [
                "Apache-2.0"
            ],
            "authors": [
                {
                    "name": "Joshua Gigg",
                    "email": "giggsey@gmail.com",
                    "homepage": "https://giggsey.com/"
                }
            ],
            "description": "PHP Port of Google's libphonenumber",
            "homepage": "https://github.com/giggsey/libphonenumber-for-php",
            "keywords": [
                "geocoding",
                "geolocation",
                "libphonenumber",
                "mobile",
                "phonenumber",
                "validation"
            ],
            "time": "2017-01-25 11:07:04"
        },
        {
            "name": "giggsey/locale",
            "version": "1.1.1",
            "source": {
                "type": "git",
                "url": "https://github.com/giggsey/Locale.git",
                "reference": "8238764fa3f2c5bd8bdf981e2e019401d49229e3"
            },
            "dist": {
                "type": "zip",
                "url": "https://api.github.com/repos/giggsey/Locale/zipball/8238764fa3f2c5bd8bdf981e2e019401d49229e3",
                "reference": "8238764fa3f2c5bd8bdf981e2e019401d49229e3",
                "shasum": ""
            },
            "require": {
                "php": ">=5.3.2"
            },
            "require-dev": {
                "pear/pear-core-minimal": "^1.9",
                "pear/pear_exception": "^1.0",
                "pear/versioncontrol_git": "dev-master",
                "phing/phing": "~2.7",
                "phpunit/phpunit": "^4.8|^5.0",
                "satooshi/php-coveralls": "^1.0",
                "symfony/console": "^2.8|^3.0",
                "symfony/filesystem": "^2.8|^3.0",
                "symfony/finder": "^2.8|^3.0",
                "symfony/process": "^2.8|^3.0"
            },
            "type": "library",
            "autoload": {
                "psr-4": {
                    "Giggsey\\Locale\\": "src/"
                }
            },
            "notification-url": "https://packagist.org/downloads/",
            "license": [
                "MIT"
            ],
            "authors": [
                {
                    "name": "Joshua Gigg",
                    "email": "giggsey@gmail.com",
                    "homepage": "http://giggsey.com/"
                }
            ],
            "description": "Locale functions required by libphonenumber-for-php",
            "time": "2016-10-24 20:49:55"
        },
        {
            "name": "kriswallsmith/assetic",
            "version": "v1.4.0",
            "source": {
                "type": "git",
                "url": "https://github.com/kriswallsmith/assetic.git",
                "reference": "e911c437dbdf006a8f62c2f59b15b2d69a5e0aa1"
            },
            "dist": {
                "type": "zip",
                "url": "https://api.github.com/repos/kriswallsmith/assetic/zipball/e911c437dbdf006a8f62c2f59b15b2d69a5e0aa1",
                "reference": "e911c437dbdf006a8f62c2f59b15b2d69a5e0aa1",
                "shasum": ""
            },
            "require": {
                "php": ">=5.3.1",
                "symfony/process": "~2.1|~3.0"
            },
            "conflict": {
                "twig/twig": "<1.27"
            },
            "require-dev": {
                "leafo/lessphp": "^0.3.7",
                "leafo/scssphp": "~0.1",
                "meenie/javascript-packer": "^1.1",
                "mrclay/minify": "<2.3",
                "natxet/cssmin": "3.0.4",
                "patchwork/jsqueeze": "~1.0|~2.0",
                "phpunit/phpunit": "~4.8 || ^5.6",
                "psr/log": "~1.0",
                "ptachoire/cssembed": "~1.0",
                "symfony/phpunit-bridge": "~2.7|~3.0",
                "twig/twig": "~1.23|~2.0",
                "yfix/packager": "dev-master"
            },
            "suggest": {
                "leafo/lessphp": "Assetic provides the integration with the lessphp LESS compiler",
                "leafo/scssphp": "Assetic provides the integration with the scssphp SCSS compiler",
                "leafo/scssphp-compass": "Assetic provides the integration with the SCSS compass plugin",
                "patchwork/jsqueeze": "Assetic provides the integration with the JSqueeze JavaScript compressor",
                "ptachoire/cssembed": "Assetic provides the integration with phpcssembed to embed data uris",
                "twig/twig": "Assetic provides the integration with the Twig templating engine"
            },
            "type": "library",
            "extra": {
                "branch-alias": {
                    "dev-master": "1.4-dev"
                }
            },
            "autoload": {
                "psr-0": {
                    "Assetic": "src/"
                },
                "files": [
                    "src/functions.php"
                ]
            },
            "notification-url": "https://packagist.org/downloads/",
            "license": [
                "MIT"
            ],
            "authors": [
                {
                    "name": "Kris Wallsmith",
                    "email": "kris.wallsmith@gmail.com",
                    "homepage": "http://kriswallsmith.net/"
                }
            ],
            "description": "Asset Management for PHP",
            "homepage": "https://github.com/kriswallsmith/assetic",
            "keywords": [
                "assets",
                "compression",
                "minification"
            ],
            "time": "2016-11-11 18:43:20"
        },
        {
            "name": "moment/moment",
            "version": "2.17.1",
            "source": {
                "type": "git",
                "url": "https://github.com/moment/moment.git",
                "reference": "b8a297c1f99b3918f44dd9e3d7bd59379a876ba6"
            },
            "dist": {
                "type": "zip",
                "url": "https://api.github.com/repos/moment/moment/zipball/b8a297c1f99b3918f44dd9e3d7bd59379a876ba6",
                "reference": "b8a297c1f99b3918f44dd9e3d7bd59379a876ba6",
                "shasum": ""
            },
            "require": {
                "robloach/component-installer": "*"
            },
            "type": "component",
            "extra": {
                "component": {
                    "scripts": [
                        "moment.js"
                    ],
                    "files": [
                        "min/*.js",
                        "locale/*.js"
                    ]
                }
            },
            "notification-url": "https://packagist.org/downloads/",
            "license": [
                "MIT"
            ],
            "authors": [
                {
                    "name": "Tim Wood",
                    "email": "washwithcare@gmail.com"
                }
            ],
            "description": "Parse, validate, manipulate, and display dates in JavaScript.",
            "homepage": "http://github.com/moment/moment/",
            "keywords": [
                "date",
                "ender",
                "format",
                "i18n",
                "l10n",
                "moment",
                "parse",
                "time",
                "validate"
            ],
            "time": "2016-12-04 05:41:33"
        },
        {
            "name": "phpoffice/phpexcel",
            "version": "1.8.1",
            "source": {
                "type": "git",
                "url": "https://github.com/PHPOffice/PHPExcel.git",
                "reference": "372c7cbb695a6f6f1e62649381aeaa37e7e70b32"
            },
            "dist": {
                "type": "zip",
                "url": "https://api.github.com/repos/PHPOffice/PHPExcel/zipball/372c7cbb695a6f6f1e62649381aeaa37e7e70b32",
                "reference": "372c7cbb695a6f6f1e62649381aeaa37e7e70b32",
                "shasum": ""
            },
            "require": {
                "ext-xml": "*",
                "ext-xmlwriter": "*",
                "php": ">=5.2.0"
            },
            "type": "library",
            "autoload": {
                "psr-0": {
                    "PHPExcel": "Classes/"
                }
            },
            "notification-url": "https://packagist.org/downloads/",
            "license": [
                "LGPL"
            ],
            "authors": [
                {
                    "name": "Maarten Balliauw",
                    "homepage": "http://blog.maartenballiauw.be"
                },
                {
                    "name": "Mark Baker"
                },
                {
                    "name": "Franck Lefevre",
                    "homepage": "http://blog.rootslabs.net"
                },
                {
                    "name": "Erik Tilt"
                }
            ],
            "description": "PHPExcel - OpenXML - Read, Create and Write Spreadsheet documents in PHP - Spreadsheet engine",
            "homepage": "http://phpexcel.codeplex.com",
            "keywords": [
                "OpenXML",
                "excel",
                "php",
                "spreadsheet",
                "xls",
                "xlsx"
            ],
            "time": "2015-05-01 07:00:55"
        },
        {
            "name": "robloach/component-installer",
            "version": "0.2.3",
            "source": {
                "type": "git",
                "url": "https://github.com/RobLoach/component-installer.git",
                "reference": "908a859aa7c4949ba9ad67091e67bac10b66d3d7"
            },
            "dist": {
                "type": "zip",
                "url": "https://api.github.com/repos/RobLoach/component-installer/zipball/908a859aa7c4949ba9ad67091e67bac10b66d3d7",
                "reference": "908a859aa7c4949ba9ad67091e67bac10b66d3d7",
                "shasum": ""
            },
            "require": {
                "composer-plugin-api": "^1.0",
                "kriswallsmith/assetic": "1.*",
                "php": ">=5.3.2"
            },
            "require-dev": {
                "composer/composer": "1.*@alpha",
                "phpunit/phpunit": "4.*"
            },
            "type": "composer-plugin",
            "extra": {
                "branch-alias": {
                    "dev-master": "1.0.x-dev"
                },
                "class": "ComponentInstaller\\ComponentInstallerPlugin"
            },
            "autoload": {
                "psr-0": {
                    "ComponentInstaller": "src/"
                }
            },
            "notification-url": "https://packagist.org/downloads/",
            "license": [
                "MIT"
            ],
            "authors": [
                {
                    "name": "Rob Loach",
                    "homepage": "http://robloach.net"
                }
            ],
            "description": "Allows installation of Components via Composer.",
            "time": "2015-08-10 12:35:38"
        },
        {
            "name": "symfony/process",
            "version": "v3.2.1",
            "source": {
                "type": "git",
                "url": "https://github.com/symfony/process.git",
                "reference": "02ea84847aad71be7e32056408bb19f3a616cdd3"
            },
            "dist": {
                "type": "zip",
                "url": "https://api.github.com/repos/symfony/process/zipball/02ea84847aad71be7e32056408bb19f3a616cdd3",
                "reference": "02ea84847aad71be7e32056408bb19f3a616cdd3",
                "shasum": ""
            },
            "require": {
                "php": ">=5.5.9"
            },
            "type": "library",
            "extra": {
                "branch-alias": {
                    "dev-master": "3.2-dev"
                }
            },
            "autoload": {
                "psr-4": {
                    "Symfony\\Component\\Process\\": ""
                },
                "exclude-from-classmap": [
                    "/Tests/"
                ]
            },
            "notification-url": "https://packagist.org/downloads/",
            "license": [
                "MIT"
            ],
            "authors": [
                {
                    "name": "Fabien Potencier",
                    "email": "fabien@symfony.com"
                },
                {
                    "name": "Symfony Community",
                    "homepage": "https://symfony.com/contributors"
                }
            ],
            "description": "Symfony Process Component",
            "homepage": "https://symfony.com",
            "time": "2016-11-24 10:40:28"
        }
    ],
    "packages-dev": [],
    "aliases": [],
    "minimum-stability": "stable",
    "stability-flags": [],
    "prefer-stable": false,
    "prefer-lowest": false,
    "platform": [],
    "platform-dev": []
}
